{
  "name": "@helixnetwork/extract-json",
  "version": "1.0.0-alpha.0",
  "lockfileVersion": 1,
  "requires": true,
  "dependencies": {
    "@helixnetwork/converter": {
      "version": "1.0.0-alpha.0"
    },
    "@helixnetwork/samples": {
      "version": "1.0.0-alpha.0",
      "dev": true
    }
  }
}
