{
  "name": "@helixnetwork/sha3",
  "version": "1.0.0-alpha.0",
  "lockfileVersion": 1,
  "requires": true,
  "dependencies": {
    "bn.js": {
      "version": "4.11.8",
      "resolved": "https://registry.npmjs.org/bn.js/-/bn.js-4.11.8.tgz",
      "integrity": "sha512-ItfYfPLkWHUjckQCk8xC+LwxgK8NYcXywGigJgSwOP8Y2iyWT4f2vsZnoOXTTbo+o5yXmIUJ4gn5538SO5S3gA=="
    },
    "js-sha3": {
      "version": "0.8.0",
      "resolved": "https://registry.npmjs.org/js-sha3/-/js-sha3-0.8.0.tgz",
      "integrity": "sha512-gF1cRrHhIzNfToc802P800N8PpXS+evLLXfsVpowqmAFR9uwbi89WvXg2QspOmXL8QL86J4T1EpFu+yUkwJY3Q=="
    },
    "types-bn": {
      "version": "0.0.1",
      "resolved": "https://registry.npmjs.org/types-bn/-/types-bn-0.0.1.tgz",
      "integrity": "sha512-Kqx+ic862yy/dqXex5M6ZFEf3w1Hwx2yynygY7zhnWw3n58jImSwUlN0JoaWyuCFWfbf12X+7/qiURXYSKv6GA==",
      "requires": {
        "bn.js": "4.11.7"
      },
      "dependencies": {
        "bn.js": {
          "version": "4.11.7",
          "resolved": "https://registry.npmjs.org/bn.js/-/bn.js-4.11.7.tgz",
          "integrity": "sha512-LxFiV5mefv0ley0SzqkOPR1bC4EbpPx8LkOz5vMe/Yi15t5hzwgO/G+tc7wOtL4PZTYjwHu8JnEiSLumuSjSfA=="
        }
      }
    }
  }
}
